
Microsoft Visual Studio Solution File, Format Version 12.00
# Visual Studio Version 16
VisualStudioVersion = 16.0.32802.440
MinimumVisualStudioVersion = 10.0.40219.1
Project("{FAE04EC0-301F-11D3-BF4B-00C04F79EFBC}") = "InterfazPropia", "InterfazPropia\InterfazPropia.csproj", "{EA2F6DD4-992E-4D2B-9542-404844662681}"
EndProject
Global
	GlobalSection(SolutionConfigurationPlatforms) = preSolution
		Debug|Any CPU = Debug|Any CPU
		Release|Any CPU = Release|Any CPU
	EndGlobalSection
	GlobalSection(ProjectConfigurationPlatforms) = postSolution
		{EA2F6DD4-992E-4D2B-9542-404844662681}.Debug|Any CPU.ActiveCfg = Debug|Any CPU
		{EA2F6DD4-992E-4D2B-9542-404844662681}.Debug|Any CPU.Build.0 = Debug|Any CPU
		{EA2F6DD4-992E-4D2B-9542-404844662681}.Release|Any CPU.ActiveCfg = Release|Any CPU
		{EA2F6DD4-992E-4D2B-9542-404844662681}.Release|Any CPU.Build.0 = Release|Any CPU
	EndGlobalSection
	GlobalSection(SolutionProperties) = preSolution
		HideSolutionNode = FALSE
	EndGlobalSection
	GlobalSection(ExtensibilityGlobals) = postSolution
		SolutionGuid = {64C4E31B-03E7-42B9-9C50-849F017A8BA6}
	EndGlobalSection
EndGlobal
